
Microsoft Visual Studio Solution File, Format Version 12.00
# Visual Studio Version 16
VisualStudioVersion = 16.0.31729.503
MinimumVisualStudioVersion = 10.0.40219.1
Project("{8BC9CEB8-8B4A-11D0-8D11-00A0C91BC942}") = "Pocket Orbit V2", "Pocket Orbit V2\Pocket Orbit V2.vcxproj", "{050FE46D-E5C0-42F8-84F2-A6405D0A069D}"
EndProject
Global
	GlobalSection(SolutionConfigurationPlatforms) = preSolution
		Debug|x64 = Debug|x64
		Debug|x86 = Debug|x86
		Release|x64 = Release|x64
		Release|x86 = Release|x86
	EndGlobalSection
	GlobalSection(ProjectConfigurationPlatforms) = postSolution
		{050FE46D-E5C0-42F8-84F2-A6405D0A069D}.Debug|x64.ActiveCfg = Debug|x64
		{050FE46D-E5C0-42F8-84F2-A6405D0A069D}.Debug|x64.Build.0 = Debug|x64
		{050FE46D-E5C0-42F8-84F2-A6405D0A069D}.Debug|x86.ActiveCfg = Debug|Win32
		{050FE46D-E5C0-42F8-84F2-A6405D0A069D}.Debug|x86.Build.0 = Debug|Win32
		{050FE46D-E5C0-42F8-84F2-A6405D0A069D}.Release|x64.ActiveCfg = Release|x64
		{050FE46D-E5C0-42F8-84F2-A6405D0A069D}.Release|x64.Build.0 = Release|x64
		{050FE46D-E5C0-42F8-84F2-A6405D0A069D}.Release|x86.ActiveCfg = Release|Win32
		{050FE46D-E5C0-42F8-84F2-A6405D0A069D}.Release|x86.Build.0 = Release|Win32
	EndGlobalSection
	GlobalSection(SolutionProperties) = preSolution
		HideSolutionNode = FALSE
	EndGlobalSection
	GlobalSection(ExtensibilityGlobals) = postSolution
		SolutionGuid = {B1970072-217C-4BF1-97E8-4057B91800DE}
	EndGlobalSection
EndGlobal
